
Microsoft Visual Studio Solution File, Format Version 12.00
# Visual Studio Version 16
VisualStudioVersion = 16.0.31702.278
MinimumVisualStudioVersion = 10.0.40219.1
Project("{FAE04EC0-301F-11D3-BF4B-00C04F79EFBC}") = "Wpf_HW_19", "Wpf_HW_19\Wpf_HW_19.csproj", "{B658815A-CC9D-49DC-93DB-5FF51328EF8D}"
EndProject
Global
	GlobalSection(SolutionConfigurationPlatforms) = preSolution
		Debug|Any CPU = Debug|Any CPU
		Release|Any CPU = Release|Any CPU
	EndGlobalSection
	GlobalSection(ProjectConfigurationPlatforms) = postSolution
		{B658815A-CC9D-49DC-93DB-5FF51328EF8D}.Debug|Any CPU.ActiveCfg = Debug|Any CPU
		{B658815A-CC9D-49DC-93DB-5FF51328EF8D}.Debug|Any CPU.Build.0 = Debug|Any CPU
		{B658815A-CC9D-49DC-93DB-5FF51328EF8D}.Release|Any CPU.ActiveCfg = Release|Any CPU
		{B658815A-CC9D-49DC-93DB-5FF51328EF8D}.Release|Any CPU.Build.0 = Release|Any CPU
	EndGlobalSection
	GlobalSection(SolutionProperties) = preSolution
		HideSolutionNode = FALSE
	EndGlobalSection
	GlobalSection(ExtensibilityGlobals) = postSolution
		SolutionGuid = {B90B6460-5A69-4304-AA0F-62DA84244CAB}
	EndGlobalSection
EndGlobal
